// !$*UTF8*$!
{
	archiveVersion = 1;
	classes = {
	};
	objectVersion = 46;
	objects = {

/* Begin PBXBuildFile section */
		A543066A1C75EF4B007DB0F7 /* AppDelegate.swift in Sources */ = {isa = PBXBuildFile; fileRef = A54306691C75EF4B007DB0F7 /* AppDelegate.swift */; };
		A543066C1C75EF4B007DB0F7 /* ViewController.swift in Sources */ = {isa = PBXBuildFile; fileRef = A543066B1C75EF4B007DB0F7 /* ViewController.swift */; };
		A543066F1C75EF4B007DB0F7 /* Main.storyboard in Resources */ = {isa = PBXBuildFile; fileRef = A543066D1C75EF4B007DB0F7 /* Main.storyboard */; };
		A54306711C75EF4B007DB0F7 /* Assets.xcassets in Resources */ = {isa = PBXBuildFile; fileRef = A54306701C75EF4B007DB0F7 /* Assets.xcassets */; };
		A54306741C75EF4B007DB0F7 /* LaunchScreen.storyboard in Resources */ = {isa = PBXBuildFile; fileRef = A54306721C75EF4B007DB0F7 /* LaunchScreen.storyboard */; };
/* End PBXBuildFile section */

/* Begin PBXFileReference section */
		A54306661C75EF4B007DB0F7 /* BigBrother.app */ = {isa = PBXFileReference; explicitFileType = wrapper.application; includeInIndex = 0; path = BigBrother.app; sourceTree = BUILT_PRODUCTS_DIR; };
		A54306691C75EF4B007DB0F7 /* AppDelegate.swift */ = {isa = PBXFileReference; lastKnownFileType = sourcecode.swift; path = AppDelegate.swift; sourceTree = "<group>"; };
		A543066B1C75EF4B007DB0F7 /* ViewController.swift */ = {isa = PBXFileReference; lastKnownFileType = sourcecode.swift; path = ViewController.swift; sourceTree = "<group>"; };
		A543066E1C75EF4B007DB0F7 /* Base */ = {isa = PBXFileReference; lastKnownFileType = file.storyboard; name = Base; path = Base.lproj/Main.storyboard; sourceTree = "<group>"; };
		A54306701C75EF4B007DB0F7 /* Assets.xcassets */ = {isa = PBXFileReference; lastKnownFileType = folder.assetcatalog; path = Assets.xcassets; sourceTree = "<group>"; };
		A54306731C75EF4B007DB0F7 /* Base */ = {isa = PBXFileReference; lastKnownFileType = file.storyboard; name = Base; path = Base.lproj/LaunchScreen.storyboard; sourceTree = "<group>"; };
		A54306751C75EF4B007DB0F7 /* Info.plist */ = {isa = PBXFileReference; lastKnownFileType = text.plist.xml; path = Info.plist; sourceTree = "<group>"; };
/* End PBXFileReference section */

/* Begin PBXFrameworksBuildPhase section */
		A54306631C75EF4B007DB0F7 /* Frameworks */ = {
			isa = PBXFrameworksBuildPhase;
			buildActionMask = 2147483647;
			files = (
			);
			runOnlyForDeploymentPostprocessing = 0;
		};
/* End PBXFrameworksBuildPhase section */

/* Begin PBXGroup section */
		A543065D1C75EF4B007DB0F7 = {
			isa = PBXGroup;
			children = (
				A54306681C75EF4B007DB0F7 /* BigBrother */,
				A54306671C75EF4B007DB0F7 /* Products */,
			);
			sourceTree = "<group>";
		};
		A54306671C75EF4B007DB0F7 /* Products */ = {
			isa = PBXGroup;
			children = (
				A54306661C75EF4B007DB0F7 /* BigBrother.app */,
			);
			name = Products;
			sourceTree = "<group>";
		};
		A54306681C75EF4B007DB0F7 /* BigBrother */ = {
			isa = PBXGroup;
			children = (
				A54306691C75EF4B007DB0F7 /* AppDelegate.swift */,
				A543066B1C75EF4B007DB0F7 /* ViewController.swift */,
				A543066D1C75EF4B007DB0F7 /* Main.storyboard */,
				A54306701C75EF4B007DB0F7 /* Assets.xcassets */,
				A54306721C75EF4B007DB0F7 /* LaunchScreen.storyboard */,
				A54306751C75EF4B007DB0F7 /* Info.plist */,
			);
			path = BigBrother;
			sourceTree = "<group>";
		};
/* End PBXGroup section */

/* Begin PBXNativeTarget section */
		A54306651C75EF4B007DB0F7 /* BigBrother */ = {
			isa = PBXNativeTarget;
			buildConfigurationList = A54306781C75EF4B007DB0F7 /* Build configuration list for PBXNativeTarget "BigBrother" */;
			buildPhases = (
				A54306621C75EF4B007DB0F7 /* Sources */,
				A54306631C75EF4B007DB0F7 /* Frameworks */,
				A54306641C75EF4B007DB0F7 /* Resources */,
			);
			buildRules = (
			);
			dependencies = (
			);
			name = BigBrother;
			productName = BigBrother;
			productReference = A54306661C75EF4B007DB0F7 /* BigBrother.app */;
			productType = "com.apple.product-type.application";
		};
/* End PBXNativeTarget section */

/* Begin PBXProject section */
		A543065E1C75EF4B007DB0F7 /* Project object */ = {
			isa = PBXProject;
			attributes = {
				LastSwiftUpdateCheck = 0720;
				LastUpgradeCheck = 0720;
				ORGANIZATIONNAME = STRV;
				TargetAttributes = {
					A54306651C75EF4B007DB0F7 = {
						CreatedOnToolsVersion = 7.2.1;
					};
				};
			};
			buildConfigurationList = A54306611C75EF4B007DB0F7 /* Build configuration list for PBXProject "BigBrother" */;
			compatibilityVersion = "Xcode 3.2";
			developmentRegion = English;
			hasScannedForEncodings = 0;
			knownRegions = (
				en,
				Base,
			);
			mainGroup = A543065D1C75EF4B007DB0F7;
			productRefGroup = A54306671C75EF4B007DB0F7 /* Products */;
			projectDirPath = "";
			projectRoot = "";
			targets = (
				A54306651C75EF4B007DB0F7 /* BigBrother */,
			);
		};
/* End PBXProject section */

/* Begin PBXResourcesBuildPhase section */
		A54306641C75EF4B007DB0F7 /* Resources */ = {
			isa = PBXResourcesBuildPhase;
			buildActionMask = 2147483647;
			files = (
				A54306741C75EF4B007DB0F7 /* LaunchScreen.storyboard in Resources */,
				A54306711C75EF4B007DB0F7 /* Assets.xcassets in Resources */,
				A543066F1C75EF4B007DB0F7 /* Main.storyboard in Resources */,
			);
			runOnlyForDeploymentPostprocessing = 0;
		};
/* End PBXResourcesBuildPhase section */

/* Begin PBXSourcesBuildPhase section */
		A54306621C75EF4B007DB0F7 /* Sources */ = {
			isa = PBXSourcesBuildPhase;
			buildActionMask = 2147483647;
			files = (
				A543066C1C75EF4B007DB0F7 /* ViewController.swift in Sources */,
				A543066A1C75EF4B007DB0F7 /* AppDelegate.swift in Sources */,
			);
			runOnlyForDeploymentPostprocessing = 0;
		};
/* End PBXSourcesBuildPhase section */

/* Begin PBXVariantGroup section */
		A543066D1C75EF4B007DB0F7 /* Main.storyboard */ = {
			isa = PBXVariantGroup;
			children = (
				A543066E1C75EF4B007DB0F7 /* Base */,
			);
			name = Main.storyboard;
			sourceTree = "<group>";
		};
		A54306721C75EF4B007DB0F7 /* LaunchScreen.storyboard */ = {
			isa = PBXVariantGroup;
			children = (
				A54306731C75EF4B007DB0F7 /* Base */,
			);
			name = LaunchScreen.storyboard;
			sourceTree = "<group>";
		};
/* End PBXVariantGroup section */

/* Begin XCBuildConfiguration section */
		A54306761C75EF4B007DB0F7 /* Debug */ = {
			isa = XCBuildConfiguration;
			buildSettings = {
				ALWAYS_SEARCH_USER_PATHS = NO;
				CLANG_CXX_LANGUAGE_STANDARD = "gnu++0x";
				CLANG_CXX_LIBRARY = "libc++";
				CLANG_ENABLE_MODULES = YES;
				CLANG_ENABLE_OBJC_ARC = YES;
				CLANG_WARN_BOOL_CONVERSION = YES;
				CLANG_WARN_CONSTANT_CONVERSION = YES;
				CLANG_WARN_DIRECT_OBJC_ISA_USAGE = YES_ERROR;
				CLANG_WARN_EMPTY_BODY = YES;
				CLANG_WARN_ENUM_CONVERSION = YES;
				CLANG_WARN_INT_CONVERSION = YES;
				CLANG_WARN_OBJC_ROOT_CLASS = YES_ERROR;
				CLANG_WARN_UNREACHABLE_CODE = YES;
				CLANG_WARN__DUPLICATE_METHOD_MATCH = YES;
				"CODE_SIGN_IDENTITY[sdk=iphoneos*]" = "iPhone Developer";
				COPY_PHASE_STRIP = NO;
				DEBUG_INFORMATION_FORMAT = dwarf;
				ENABLE_STRICT_OBJC_MSGSEND = YES;
				ENABLE_TESTABILITY = YES;
				GCC_C_LANGUAGE_STANDARD = gnu99;
				GCC_DYNAMIC_NO_PIC = NO;
				GCC_NO_COMMON_BLOCKS = YES;
				GCC_OPTIMIZATION_LEVEL = 0;
				GCC_PREPROCESSOR_DEFINITIONS = (
					"DEBUG=1",
					"$(inherited)",
				);
				GCC_WARN_64_TO_32_BIT_CONVERSION = YES;
				GCC_WARN_ABOUT_RETURN_TYPE = YES_ERROR;
				GCC_WARN_UNDECLARED_SELECTOR = YES;
				GCC_WARN_UNINITIALIZED_AUTOS = YES_AGGRESSIVE;
				GCC_WARN_UNUSED_FUNCTION = YES;
				GCC_WARN_UNUSED_VARIABLE = YES;
				IPHONEOS_DEPLOYMENT_TARGET = 9.2;
				MTL_ENABLE_DEBUG_INFO = YES;
				ONLY_ACTIVE_ARCH = YES;
				SDKROOT = iphoneos;
				SWIFT_OPTIMIZATION_LEVEL = "-Onone";
				TARGETED_DEVICE_FAMILY = "1,2";
			};
			name = Debug;
		};
		A54306771C75EF4B007DB0F7 /* Release */ = {
			isa = XCBuildConfiguration;
			buildSettings = {
				ALWAYS_SEARCH_USER_PATHS = NO;
				CLANG_CXX_LANGUAGE_STANDARD = "gnu++0x";
				CLANG_CXX_LIBRARY = "libc++";
				CLANG_ENABLE_MODULES = YES;
				CLANG_ENABLE_OBJC_ARC = YES;
				CLANG_WARN_BOOL_CONVERSION = YES;
				CLANG_WARN_CONSTANT_CONVERSION = YES;
				CLANG_WARN_DIRECT_OBJC_ISA_USAGE = YES_ERROR;
				CLANG_WARN_EMPTY_BODY = YES;
				CLANG_WARN_ENUM_CONVERSION = YES;
				CLANG_WARN_INT_CONVERSION = YES;
				CLANG_WARN_OBJC_ROOT_CLASS = YES_ERROR;
				CLANG_WARN_UNREACHABLE_CODE = YES;
				CLANG_WARN__DUPLICATE_METHOD_MATCH = YES;
				"CODE_SIGN_IDENTITY[sdk=iphoneos*]" = "iPhone Developer";
				COPY_PHASE_STRIP = NO;
				DEBUG_INFORMATION_FORMAT = "dwarf-with-dsym";
				ENABLE_NS_ASSERTIONS = NO;
				ENABLE_STRICT_OBJC_MSGSEND = YES;
				GCC_C_LANGUAGE_STANDARD = gnu99;
				GCC_NO_COMMON_BLOCKS = YES;
				GCC_WARN_64_TO_32_BIT_CONVERSION = YES;
				GCC_WARN_ABOUT_RETURN_TYPE = YES_ERROR;
				GCC_WARN_UNDECLARED_SELECTOR = YES;
				GCC_WARN_UNINITIALIZED_AUTOS = YES_AGGRESSIVE;
				GCC_WARN_UNUSED_FUNCTION = YES;
				GCC_WARN_UNUSED_VARIABLE = YES;
				IPHONEOS_DEPLOYMENT_TARGET = 9.2;
				MTL_ENABLE_DEBUG_INFO = NO;
				SDKROOT = iphoneos;
				TARGETED_DEVICE_FAMILY = "1,2";
				VALIDATE_PRODUCT = YES;
			};
			name = Release;
		};
		A54306791C75EF4B007DB0F7 /* Debug */ = {
			isa = XCBuildConfiguration;
			buildSettings = {
				ASSETCATALOG_COMPILER_APPICON_NAME = AppIcon;
				INFOPLIST_FILE = BigBrother/Info.plist;
				LD_RUNPATH_SEARCH_PATHS = "$(inherited) @executable_path/Frameworks";
				PRODUCT_BUNDLE_IDENTIFIER = com.strv.BigBrother;
				PRODUCT_NAME = "$(TARGET_NAME)";
			};
			name = Debug;
		};
		A543067A1C75EF4B007DB0F7 /* Release */ = {
			isa = XCBuildConfiguration;
			buildSettings = {
				ASSETCATALOG_COMPILER_APPICON_NAME = AppIcon;
				INFOPLIST_FILE = BigBrother/Info.plist;
				LD_RUNPATH_SEARCH_PATHS = "$(inherited) @executable_path/Frameworks";
				PRODUCT_BUNDLE_IDENTIFIER = com.strv.BigBrother;
				PRODUCT_NAME = "$(TARGET_NAME)";
			};
			name = Release;
		};
/* End XCBuildConfiguration section */

/* Begin XCConfigurationList section */
		A54306611C75EF4B007DB0F7 /* Build configuration list for PBXProject "BigBrother" */ = {
			isa = XCConfigurationList;
			buildConfigurations = (
				A54306761C75EF4B007DB0F7 /* Debug */,
				A54306771C75EF4B007DB0F7 /* Release */,
			);
			defaultConfigurationIsVisible = 0;
			defaultConfigurationName = Release;
		};
		A54306781C75EF4B007DB0F7 /* Build configuration list for PBXNativeTarget "BigBrother" */ = {
			isa = XCConfigurationList;
			buildConfigurations = (
				A54306791C75EF4B007DB0F7 /* Debug */,
				A543067A1C75EF4B007DB0F7 /* Release */,
			);
			defaultConfigurationIsVisible = 0;
		};
/* End XCConfigurationList section */
	};
	rootObject = A543065E1C75EF4B007DB0F7 /* Project object */;
}
